
Microsoft Visual Studio Solution File, Format Version 12.00
# Visual Studio Version 17
VisualStudioVersion = 17.13.35931.197 d17.13
MinimumVisualStudioVersion = 10.0.40219.1
Project("{FAE04EC0-301F-11D3-BF4B-00C04F79EFBC}") = "AmbiguousStepDefDemo", "AmbiguousStepDefDemo\AmbiguousStepDefDemo.csproj", "{D2ABD600-6791-4094-AC86-D99F8C7AB388}"
EndProject
Global
	GlobalSection(SolutionConfigurationPlatforms) = preSolution
		Debug|Any CPU = Debug|Any CPU
		Release|Any CPU = Release|Any CPU
	EndGlobalSection
	GlobalSection(ProjectConfigurationPlatforms) = postSolution
		{D2ABD600-6791-4094-AC86-D99F8C7AB388}.Debug|Any CPU.ActiveCfg = Debug|Any CPU
		{D2ABD600-6791-4094-AC86-D99F8C7AB388}.Debug|Any CPU.Build.0 = Debug|Any CPU
		{D2ABD600-6791-4094-AC86-D99F8C7AB388}.Release|Any CPU.ActiveCfg = Release|Any CPU
		{D2ABD600-6791-4094-AC86-D99F8C7AB388}.Release|Any CPU.Build.0 = Release|Any CPU
	EndGlobalSection
	GlobalSection(SolutionProperties) = preSolution
		HideSolutionNode = FALSE
	EndGlobalSection
	GlobalSection(ExtensibilityGlobals) = postSolution
		SolutionGuid = {47E8A799-6E0C-45E6-8E62-E01243DE8601}
	EndGlobalSection
EndGlobal
